
Microsoft Visual Studio Solution File, Format Version 12.00
# Visual Studio Version 17
VisualStudioVersion = 17.9.34622.214
MinimumVisualStudioVersion = 10.0.40219.1
Project("{FAE04EC0-301F-11D3-BF4B-00C04F79EFBC}") = "213022_568_paso2_EsneyderGarcia", "213022_568_paso2_EsneyderGarcia.csproj", "{FBA7AB55-A554-459A-AA8A-A81FCDCEC4ED}"
EndProject
Global
	GlobalSection(SolutionConfigurationPlatforms) = preSolution
		Debug|Any CPU = Debug|Any CPU
		Release|Any CPU = Release|Any CPU
	EndGlobalSection
	GlobalSection(ProjectConfigurationPlatforms) = postSolution
		{FBA7AB55-A554-459A-AA8A-A81FCDCEC4ED}.Debug|Any CPU.ActiveCfg = Debug|Any CPU
		{FBA7AB55-A554-459A-AA8A-A81FCDCEC4ED}.Debug|Any CPU.Build.0 = Debug|Any CPU
		{FBA7AB55-A554-459A-AA8A-A81FCDCEC4ED}.Release|Any CPU.ActiveCfg = Release|Any CPU
		{FBA7AB55-A554-459A-AA8A-A81FCDCEC4ED}.Release|Any CPU.Build.0 = Release|Any CPU
	EndGlobalSection
	GlobalSection(SolutionProperties) = preSolution
		HideSolutionNode = FALSE
	EndGlobalSection
	GlobalSection(ExtensibilityGlobals) = postSolution
		SolutionGuid = {63EC5A95-C000-4C21-8546-F8C1EA366B64}
	EndGlobalSection
EndGlobal
